{
  "name": "routes-table",
  "version": "1.2.2",
  "lockfileVersion": 1,
  "dependencies": {
    "by-key": {
      "version": "https://registry.npmjs.org/by-key/-/by-key-1.0.0.tgz",
      "integrity": "sha1-VV5jW0Jomn7WbQEBcXuqk/KVfjA="
    },
    "memoize-id": {
      "version": "https://registry.npmjs.org/memoize-id/-/memoize-id-0.2.0.tgz",
      "integrity": "sha1-GfAYE192ByeGOaI2Z2g8vzzxcc8="
    },
    "sort-routes": {
      "version": "https://registry.npmjs.org/sort-routes/-/sort-routes-1.0.0.tgz",
      "integrity": "sha1-738AwHp6Y8HpOHeRcSo1O8p6dOg="
    },
    "stable": {
      "version": "https://registry.npmjs.org/stable/-/stable-0.1.5.tgz",
      "integrity": "sha1-CCMvYMcy6YkHhLW+0HNPizKoh7k="
    }
  }
}
